
Microsoft Visual Studio Solution File, Format Version 12.00
# Visual Studio Version 16
VisualStudioVersion = 16.0.30517.126
MinimumVisualStudioVersion = 10.0.40219.1
Project("{FAE04EC0-301F-11D3-BF4B-00C04F79EFBC}") = "CubliApp", "CubliApp\CubliApp.csproj", "{012CED7C-44A3-44AC-9370-2EE92225CE47}"
EndProject
Global
	GlobalSection(SolutionConfigurationPlatforms) = preSolution
		Debug|Any CPU = Debug|Any CPU
		Release|Any CPU = Release|Any CPU
	EndGlobalSection
	GlobalSection(ProjectConfigurationPlatforms) = postSolution
		{012CED7C-44A3-44AC-9370-2EE92225CE47}.Debug|Any CPU.ActiveCfg = Debug|Any CPU
		{012CED7C-44A3-44AC-9370-2EE92225CE47}.Debug|Any CPU.Build.0 = Debug|Any CPU
		{012CED7C-44A3-44AC-9370-2EE92225CE47}.Release|Any CPU.ActiveCfg = Release|Any CPU
		{012CED7C-44A3-44AC-9370-2EE92225CE47}.Release|Any CPU.Build.0 = Release|Any CPU
	EndGlobalSection
	GlobalSection(SolutionProperties) = preSolution
		HideSolutionNode = FALSE
	EndGlobalSection
	GlobalSection(ExtensibilityGlobals) = postSolution
		SolutionGuid = {C912ED79-AD8A-4214-9718-7A177019E15C}
	EndGlobalSection
EndGlobal
